
Microsoft Visual Studio Solution File, Format Version 12.00
# Visual Studio Version 17
VisualStudioVersion = 17.5.33516.290
MinimumVisualStudioVersion = 10.0.40219.1
Project("{888888A0-9F3D-457C-B088-3A5042F75D52}") = "vadimkrivoregistr", "vadimkrivoregistr\vadimkrivoregistr.pyproj", "{C51A982E-0C1D-4567-8BEF-D4F080BC8385}"
EndProject
Global
	GlobalSection(SolutionConfigurationPlatforms) = preSolution
		Debug|Any CPU = Debug|Any CPU
		Release|Any CPU = Release|Any CPU
	EndGlobalSection
	GlobalSection(ProjectConfigurationPlatforms) = postSolution
		{C51A982E-0C1D-4567-8BEF-D4F080BC8385}.Debug|Any CPU.ActiveCfg = Debug|Any CPU
		{C51A982E-0C1D-4567-8BEF-D4F080BC8385}.Release|Any CPU.ActiveCfg = Release|Any CPU
	EndGlobalSection
	GlobalSection(SolutionProperties) = preSolution
		HideSolutionNode = FALSE
	EndGlobalSection
	GlobalSection(ExtensibilityGlobals) = postSolution
		SolutionGuid = {17CDAE90-2EF1-4616-88C9-05A7034F830D}
	EndGlobalSection
EndGlobal
